// !$*UTF8*$!
{
	archiveVersion = 1;
	classes = {
	};
	objectVersion = 56;
	objects = {

/* Begin PBXBuildFile section */
		69DA57FB2A96FCB0009CEA28 /* AppDelegate.swift in Sources */ = {isa = PBXBuildFile; fileRef = 69DA57FA2A96FCB0009CEA28 /* AppDelegate.swift */; };
		69DA57FD2A96FCB0009CEA28 /* SceneDelegate.swift in Sources */ = {isa = PBXBuildFile; fileRef = 69DA57FC2A96FCB0009CEA28 /* SceneDelegate.swift */; };
		69DA57FF2A96FCB0009CEA28 /* AuthenticationViewController.swift in Sources */ = {isa = PBXBuildFile; fileRef = 69DA57FE2A96FCB0009CEA28 /* AuthenticationViewController.swift */; };
		69DA58022A96FCB0009CEA28 /* Main.storyboard in Resources */ = {isa = PBXBuildFile; fileRef = 69DA58002A96FCB0009CEA28 /* Main.storyboard */; };
		69DA58042A96FCB1009CEA28 /* Assets.xcassets in Resources */ = {isa = PBXBuildFile; fileRef = 69DA58032A96FCB1009CEA28 /* Assets.xcassets */; };
		69DA58072A96FCB1009CEA28 /* LaunchScreen.storyboard in Resources */ = {isa = PBXBuildFile; fileRef = 69DA58052A96FCB1009CEA28 /* LaunchScreen.storyboard */; };
		69DA58122A96FCB1009CEA28 /* NiceFilmTicketTests.swift in Sources */ = {isa = PBXBuildFile; fileRef = 69DA58112A96FCB1009CEA28 /* NiceFilmTicketTests.swift */; };
		69DA581C2A96FCB1009CEA28 /* NiceFilmTicketUITests.swift in Sources */ = {isa = PBXBuildFile; fileRef = 69DA581B2A96FCB1009CEA28 /* NiceFilmTicketUITests.swift */; };
		69DA581E2A96FCB1009CEA28 /* NiceFilmTicketUITestsLaunchTests.swift in Sources */ = {isa = PBXBuildFile; fileRef = 69DA581D2A96FCB1009CEA28 /* NiceFilmTicketUITestsLaunchTests.swift */; };
		69DA58352A97589F009CEA28 /* SplashViewController.swift in Sources */ = {isa = PBXBuildFile; fileRef = 69DA58342A97589F009CEA28 /* SplashViewController.swift */; };
		69DA58382A97C5C1009CEA28 /* SnapKit in Frameworks */ = {isa = PBXBuildFile; productRef = 69DA58372A97C5C1009CEA28 /* SnapKit */; };
/* End PBXBuildFile section */

/* Begin PBXContainerItemProxy section */
		69DA580E2A96FCB1009CEA28 /* PBXContainerItemProxy */ = {
			isa = PBXContainerItemProxy;
			containerPortal = 69DA57EF2A96FCB0009CEA28 /* Project object */;
			proxyType = 1;
			remoteGlobalIDString = 69DA57F62A96FCB0009CEA28;
			remoteInfo = NiceFilmTicket;
		};
		69DA58182A96FCB1009CEA28 /* PBXContainerItemProxy */ = {
			isa = PBXContainerItemProxy;
			containerPortal = 69DA57EF2A96FCB0009CEA28 /* Project object */;
			proxyType = 1;
			remoteGlobalIDString = 69DA57F62A96FCB0009CEA28;
			remoteInfo = NiceFilmTicket;
		};
/* End PBXContainerItemProxy section */

/* Begin PBXFileReference section */
		69DA57F72A96FCB0009CEA28 /* NiceFilmTicket.app */ = {isa = PBXFileReference; explicitFileType = wrapper.application; includeInIndex = 0; path = NiceFilmTicket.app; sourceTree = BUILT_PRODUCTS_DIR; };
		69DA57FA2A96FCB0009CEA28 /* AppDelegate.swift */ = {isa = PBXFileReference; lastKnownFileType = sourcecode.swift; path = AppDelegate.swift; sourceTree = "<group>"; };
		69DA57FC2A96FCB0009CEA28 /* SceneDelegate.swift */ = {isa = PBXFileReference; lastKnownFileType = sourcecode.swift; path = SceneDelegate.swift; sourceTree = "<group>"; };
		69DA57FE2A96FCB0009CEA28 /* AuthenticationViewController.swift */ = {isa = PBXFileReference; lastKnownFileType = sourcecode.swift; path = AuthenticationViewController.swift; sourceTree = "<group>"; };
		69DA58012A96FCB0009CEA28 /* Base */ = {isa = PBXFileReference; lastKnownFileType = file.storyboard; name = Base; path = Base.lproj/Main.storyboard; sourceTree = "<group>"; };
		69DA58032A96FCB1009CEA28 /* Assets.xcassets */ = {isa = PBXFileReference; lastKnownFileType = folder.assetcatalog; path = Assets.xcassets; sourceTree = "<group>"; };
		69DA58062A96FCB1009CEA28 /* Base */ = {isa = PBXFileReference; lastKnownFileType = file.storyboard; name = Base; path = Base.lproj/LaunchScreen.storyboard; sourceTree = "<group>"; };
		69DA58082A96FCB1009CEA28 /* Info.plist */ = {isa = PBXFileReference; lastKnownFileType = text.plist.xml; path = Info.plist; sourceTree = "<group>"; };
		69DA580D2A96FCB1009CEA28 /* NiceFilmTicketTests.xctest */ = {isa = PBXFileReference; explicitFileType = wrapper.cfbundle; includeInIndex = 0; path = NiceFilmTicketTests.xctest; sourceTree = BUILT_PRODUCTS_DIR; };
		69DA58112A96FCB1009CEA28 /* NiceFilmTicketTests.swift */ = {isa = PBXFileReference; lastKnownFileType = sourcecode.swift; path = NiceFilmTicketTests.swift; sourceTree = "<group>"; };
		69DA58172A96FCB1009CEA28 /* NiceFilmTicketUITests.xctest */ = {isa = PBXFileReference; explicitFileType = wrapper.cfbundle; includeInIndex = 0; path = NiceFilmTicketUITests.xctest; sourceTree = BUILT_PRODUCTS_DIR; };
		69DA581B2A96FCB1009CEA28 /* NiceFilmTicketUITests.swift */ = {isa = PBXFileReference; lastKnownFileType = sourcecode.swift; path = NiceFilmTicketUITests.swift; sourceTree = "<group>"; };
		69DA581D2A96FCB1009CEA28 /* NiceFilmTicketUITestsLaunchTests.swift */ = {isa = PBXFileReference; lastKnownFileType = sourcecode.swift; path = NiceFilmTicketUITestsLaunchTests.swift; sourceTree = "<group>"; };
		69DA58342A97589F009CEA28 /* SplashViewController.swift */ = {isa = PBXFileReference; lastKnownFileType = sourcecode.swift; path = SplashViewController.swift; sourceTree = "<group>"; };
/* End PBXFileReference section */

/* Begin PBXFrameworksBuildPhase section */
		69DA57F42A96FCB0009CEA28 /* Frameworks */ = {
			isa = PBXFrameworksBuildPhase;
			buildActionMask = 2147483647;
			files = (
				69DA58382A97C5C1009CEA28 /* SnapKit in Frameworks */,
			);
			runOnlyForDeploymentPostprocessing = 0;
		};
		69DA580A2A96FCB1009CEA28 /* Frameworks */ = {
			isa = PBXFrameworksBuildPhase;
			buildActionMask = 2147483647;
			files = (
			);
			runOnlyForDeploymentPostprocessing = 0;
		};
		69DA58142A96FCB1009CEA28 /* Frameworks */ = {
			isa = PBXFrameworksBuildPhase;
			buildActionMask = 2147483647;
			files = (
			);
			runOnlyForDeploymentPostprocessing = 0;
		};
/* End PBXFrameworksBuildPhase section */

/* Begin PBXGroup section */
		69DA57EE2A96FCB0009CEA28 = {
			isa = PBXGroup;
			children = (
				69DA57F92A96FCB0009CEA28 /* NiceFilmTicket */,
				69DA58102A96FCB1009CEA28 /* NiceFilmTicketTests */,
				69DA581A2A96FCB1009CEA28 /* NiceFilmTicketUITests */,
				69DA57F82A96FCB0009CEA28 /* Products */,
			);
			sourceTree = "<group>";
		};
		69DA57F82A96FCB0009CEA28 /* Products */ = {
			isa = PBXGroup;
			children = (
				69DA57F72A96FCB0009CEA28 /* NiceFilmTicket.app */,
				69DA580D2A96FCB1009CEA28 /* NiceFilmTicketTests.xctest */,
				69DA58172A96FCB1009CEA28 /* NiceFilmTicketUITests.xctest */,
			);
			name = Products;
			sourceTree = "<group>";
		};
		69DA57F92A96FCB0009CEA28 /* NiceFilmTicket */ = {
			isa = PBXGroup;
			children = (
				69DA58082A96FCB1009CEA28 /* Info.plist */,
				69DA582B2A96FEA0009CEA28 /* Resource */,
				69DA582A2A96FE74009CEA28 /* Features */,
				69DA57FA2A96FCB0009CEA28 /* AppDelegate.swift */,
				69DA57FC2A96FCB0009CEA28 /* SceneDelegate.swift */,
				69DA58032A96FCB1009CEA28 /* Assets.xcassets */,
			);
			path = NiceFilmTicket;
			sourceTree = "<group>";
		};
		69DA58102A96FCB1009CEA28 /* NiceFilmTicketTests */ = {
			isa = PBXGroup;
			children = (
				69DA58112A96FCB1009CEA28 /* NiceFilmTicketTests.swift */,
			);
			path = NiceFilmTicketTests;
			sourceTree = "<group>";
		};
		69DA581A2A96FCB1009CEA28 /* NiceFilmTicketUITests */ = {
			isa = PBXGroup;
			children = (
				69DA581B2A96FCB1009CEA28 /* NiceFilmTicketUITests.swift */,
				69DA581D2A96FCB1009CEA28 /* NiceFilmTicketUITestsLaunchTests.swift */,
			);
			path = NiceFilmTicketUITests;
			sourceTree = "<group>";
		};
		69DA582A2A96FE74009CEA28 /* Features */ = {
			isa = PBXGroup;
			children = (
				69DA58332A97588F009CEA28 /* Splash */,
				69DA582D2A96FF27009CEA28 /* Authentication */,
			);
			path = Features;
			sourceTree = "<group>";
		};
		69DA582B2A96FEA0009CEA28 /* Resource */ = {
			isa = PBXGroup;
			children = (
				69DA58002A96FCB0009CEA28 /* Main.storyboard */,
				69DA58052A96FCB1009CEA28 /* LaunchScreen.storyboard */,
			);
			path = Resource;
			sourceTree = "<group>";
		};
		69DA582D2A96FF27009CEA28 /* Authentication */ = {
			isa = PBXGroup;
			children = (
				69DA57FE2A96FCB0009CEA28 /* AuthenticationViewController.swift */,
			);
			path = Authentication;
			sourceTree = "<group>";
		};
		69DA58332A97588F009CEA28 /* Splash */ = {
			isa = PBXGroup;
			children = (
				69DA58342A97589F009CEA28 /* SplashViewController.swift */,
			);
			path = Splash;
			sourceTree = "<group>";
		};
/* End PBXGroup section */

/* Begin PBXNativeTarget section */
		69DA57F62A96FCB0009CEA28 /* NiceFilmTicket */ = {
			isa = PBXNativeTarget;
			buildConfigurationList = 69DA58212A96FCB1009CEA28 /* Build configuration list for PBXNativeTarget "NiceFilmTicket" */;
			buildPhases = (
				69DA57F32A96FCB0009CEA28 /* Sources */,
				69DA57F42A96FCB0009CEA28 /* Frameworks */,
				69DA57F52A96FCB0009CEA28 /* Resources */,
			);
			buildRules = (
			);
			dependencies = (
			);
			name = NiceFilmTicket;
			packageProductDependencies = (
				69DA58372A97C5C1009CEA28 /* SnapKit */,
			);
			productName = NiceFilmTicket;
			productReference = 69DA57F72A96FCB0009CEA28 /* NiceFilmTicket.app */;
			productType = "com.apple.product-type.application";
		};
		69DA580C2A96FCB1009CEA28 /* NiceFilmTicketTests */ = {
			isa = PBXNativeTarget;
			buildConfigurationList = 69DA58242A96FCB1009CEA28 /* Build configuration list for PBXNativeTarget "NiceFilmTicketTests" */;
			buildPhases = (
				69DA58092A96FCB1009CEA28 /* Sources */,
				69DA580A2A96FCB1009CEA28 /* Frameworks */,
				69DA580B2A96FCB1009CEA28 /* Resources */,
			);
			buildRules = (
			);
			dependencies = (
				69DA580F2A96FCB1009CEA28 /* PBXTargetDependency */,
			);
			name = NiceFilmTicketTests;
			productName = NiceFilmTicketTests;
			productReference = 69DA580D2A96FCB1009CEA28 /* NiceFilmTicketTests.xctest */;
			productType = "com.apple.product-type.bundle.unit-test";
		};
		69DA58162A96FCB1009CEA28 /* NiceFilmTicketUITests */ = {
			isa = PBXNativeTarget;
			buildConfigurationList = 69DA58272A96FCB1009CEA28 /* Build configuration list for PBXNativeTarget "NiceFilmTicketUITests" */;
			buildPhases = (
				69DA58132A96FCB1009CEA28 /* Sources */,
				69DA58142A96FCB1009CEA28 /* Frameworks */,
				69DA58152A96FCB1009CEA28 /* Resources */,
			);
			buildRules = (
			);
			dependencies = (
				69DA58192A96FCB1009CEA28 /* PBXTargetDependency */,
			);
			name = NiceFilmTicketUITests;
			productName = NiceFilmTicketUITests;
			productReference = 69DA58172A96FCB1009CEA28 /* NiceFilmTicketUITests.xctest */;
			productType = "com.apple.product-type.bundle.ui-testing";
		};
/* End PBXNativeTarget section */

/* Begin PBXProject section */
		69DA57EF2A96FCB0009CEA28 /* Project object */ = {
			isa = PBXProject;
			attributes = {
				BuildIndependentTargetsInParallel = 1;
				LastSwiftUpdateCheck = 1430;
				LastUpgradeCheck = 1430;
				TargetAttributes = {
					69DA57F62A96FCB0009CEA28 = {
						CreatedOnToolsVersion = 14.3.1;
					};
					69DA580C2A96FCB1009CEA28 = {
						CreatedOnToolsVersion = 14.3.1;
						TestTargetID = 69DA57F62A96FCB0009CEA28;
					};
					69DA58162A96FCB1009CEA28 = {
						CreatedOnToolsVersion = 14.3.1;
						TestTargetID = 69DA57F62A96FCB0009CEA28;
					};
				};
			};
			buildConfigurationList = 69DA57F22A96FCB0009CEA28 /* Build configuration list for PBXProject "NiceFilmTicket" */;
			compatibilityVersion = "Xcode 14.0";
			developmentRegion = en;
			hasScannedForEncodings = 0;
			knownRegions = (
				en,
				Base,
			);
			mainGroup = 69DA57EE2A96FCB0009CEA28;
			packageReferences = (
				69DA58362A97C5C0009CEA28 /* XCRemoteSwiftPackageReference "SnapKit" */,
			);
			productRefGroup = 69DA57F82A96FCB0009CEA28 /* Products */;
			projectDirPath = "";
			projectRoot = "";
			targets = (
				69DA57F62A96FCB0009CEA28 /* NiceFilmTicket */,
				69DA580C2A96FCB1009CEA28 /* NiceFilmTicketTests */,
				69DA58162A96FCB1009CEA28 /* NiceFilmTicketUITests */,
			);
		};
/* End PBXProject section */

/* Begin PBXResourcesBuildPhase section */
		69DA57F52A96FCB0009CEA28 /* Resources */ = {
			isa = PBXResourcesBuildPhase;
			buildActionMask = 2147483647;
			files = (
				69DA58072A96FCB1009CEA28 /* LaunchScreen.storyboard in Resources */,
				69DA58042A96FCB1009CEA28 /* Assets.xcassets in Resources */,
				69DA58022A96FCB0009CEA28 /* Main.storyboard in Resources */,
			);
			runOnlyForDeploymentPostprocessing = 0;
		};
		69DA580B2A96FCB1009CEA28 /* Resources */ = {
			isa = PBXResourcesBuildPhase;
			buildActionMask = 2147483647;
			files = (
			);
			runOnlyForDeploymentPostprocessing = 0;
		};
		69DA58152A96FCB1009CEA28 /* Resources */ = {
			isa = PBXResourcesBuildPhase;
			buildActionMask = 2147483647;
			files = (
			);
			runOnlyForDeploymentPostprocessing = 0;
		};
/* End PBXResourcesBuildPhase section */

/* Begin PBXSourcesBuildPhase section */
		69DA57F32A96FCB0009CEA28 /* Sources */ = {
			isa = PBXSourcesBuildPhase;
			buildActionMask = 2147483647;
			files = (
				69DA57FF2A96FCB0009CEA28 /* AuthenticationViewController.swift in Sources */,
				69DA57FB2A96FCB0009CEA28 /* AppDelegate.swift in Sources */,
				69DA57FD2A96FCB0009CEA28 /* SceneDelegate.swift in Sources */,
				69DA58352A97589F009CEA28 /* SplashViewController.swift in Sources */,
			);
			runOnlyForDeploymentPostprocessing = 0;
		};
		69DA58092A96FCB1009CEA28 /* Sources */ = {
			isa = PBXSourcesBuildPhase;
			buildActionMask = 2147483647;
			files = (
				69DA58122A96FCB1009CEA28 /* NiceFilmTicketTests.swift in Sources */,
			);
			runOnlyForDeploymentPostprocessing = 0;
		};
		69DA58132A96FCB1009CEA28 /* Sources */ = {
			isa = PBXSourcesBuildPhase;
			buildActionMask = 2147483647;
			files = (
				69DA581C2A96FCB1009CEA28 /* NiceFilmTicketUITests.swift in Sources */,
				69DA581E2A96FCB1009CEA28 /* NiceFilmTicketUITestsLaunchTests.swift in Sources */,
			);
			runOnlyForDeploymentPostprocessing = 0;
		};
/* End PBXSourcesBuildPhase section */

/* Begin PBXTargetDependency section */
		69DA580F2A96FCB1009CEA28 /* PBXTargetDependency */ = {
			isa = PBXTargetDependency;
			target = 69DA57F62A96FCB0009CEA28 /* NiceFilmTicket */;
			targetProxy = 69DA580E2A96FCB1009CEA28 /* PBXContainerItemProxy */;
		};
		69DA58192A96FCB1009CEA28 /* PBXTargetDependency */ = {
			isa = PBXTargetDependency;
			target = 69DA57F62A96FCB0009CEA28 /* NiceFilmTicket */;
			targetProxy = 69DA58182A96FCB1009CEA28 /* PBXContainerItemProxy */;
		};
/* End PBXTargetDependency section */

/* Begin PBXVariantGroup section */
		69DA58002A96FCB0009CEA28 /* Main.storyboard */ = {
			isa = PBXVariantGroup;
			children = (
				69DA58012A96FCB0009CEA28 /* Base */,
			);
			name = Main.storyboard;
			sourceTree = "<group>";
		};
		69DA58052A96FCB1009CEA28 /* LaunchScreen.storyboard */ = {
			isa = PBXVariantGroup;
			children = (
				69DA58062A96FCB1009CEA28 /* Base */,
			);
			name = LaunchScreen.storyboard;
			sourceTree = "<group>";
		};
/* End PBXVariantGroup section */

/* Begin XCBuildConfiguration section */
		69DA581F2A96FCB1009CEA28 /* Debug */ = {
			isa = XCBuildConfiguration;
			buildSettings = {
				ALWAYS_SEARCH_USER_PATHS = NO;
				CLANG_ANALYZER_NONNULL = YES;
				CLANG_ANALYZER_NUMBER_OBJECT_CONVERSION = YES_AGGRESSIVE;
				CLANG_CXX_LANGUAGE_STANDARD = "gnu++20";
				CLANG_ENABLE_MODULES = YES;
				CLANG_ENABLE_OBJC_ARC = YES;
				CLANG_ENABLE_OBJC_WEAK = YES;
				CLANG_WARN_BLOCK_CAPTURE_AUTORELEASING = YES;
				CLANG_WARN_BOOL_CONVERSION = YES;
				CLANG_WARN_COMMA = YES;
				CLANG_WARN_CONSTANT_CONVERSION = YES;
				CLANG_WARN_DEPRECATED_OBJC_IMPLEMENTATIONS = YES;
				CLANG_WARN_DIRECT_OBJC_ISA_USAGE = YES_ERROR;
				CLANG_WARN_DOCUMENTATION_COMMENTS = YES;
				CLANG_WARN_EMPTY_BODY = YES;
				CLANG_WARN_ENUM_CONVERSION = YES;
				CLANG_WARN_INFINITE_RECURSION = YES;
				CLANG_WARN_INT_CONVERSION = YES;
				CLANG_WARN_NON_LITERAL_NULL_CONVERSION = YES;
				CLANG_WARN_OBJC_IMPLICIT_RETAIN_SELF = YES;
				CLANG_WARN_OBJC_LITERAL_CONVERSION = YES;
				CLANG_WARN_OBJC_ROOT_CLASS = YES_ERROR;
				CLANG_WARN_QUOTED_INCLUDE_IN_FRAMEWORK_HEADER = YES;
				CLANG_WARN_RANGE_LOOP_ANALYSIS = YES;
				CLANG_WARN_STRICT_PROTOTYPES = YES;
				CLANG_WARN_SUSPICIOUS_MOVE = YES;
				CLANG_WARN_UNGUARDED_AVAILABILITY = YES_AGGRESSIVE;
				CLANG_WARN_UNREACHABLE_CODE = YES;
				CLANG_WARN__DUPLICATE_METHOD_MATCH = YES;
				COPY_PHASE_STRIP = NO;
				DEBUG_INFORMATION_FORMAT = dwarf;
				ENABLE_STRICT_OBJC_MSGSEND = YES;
				ENABLE_TESTABILITY = YES;
				GCC_C_LANGUAGE_STANDARD = gnu11;
				GCC_DYNAMIC_NO_PIC = NO;
				GCC_NO_COMMON_BLOCKS = YES;
				GCC_OPTIMIZATION_LEVEL = 0;
				GCC_PREPROCESSOR_DEFINITIONS = (
					"DEBUG=1",
					"$(inherited)",
				);
				GCC_WARN_64_TO_32_BIT_CONVERSION = YES;
				GCC_WARN_ABOUT_RETURN_TYPE = YES_ERROR;
				GCC_WARN_UNDECLARED_SELECTOR = YES;
				GCC_WARN_UNINITIALIZED_AUTOS = YES_AGGRESSIVE;
				GCC_WARN_UNUSED_FUNCTION = YES;
				GCC_WARN_UNUSED_VARIABLE = YES;
				IPHONEOS_DEPLOYMENT_TARGET = 16.4;
				MTL_ENABLE_DEBUG_INFO = INCLUDE_SOURCE;
				MTL_FAST_MATH = YES;
				ONLY_ACTIVE_ARCH = YES;
				SDKROOT = iphoneos;
				SWIFT_ACTIVE_COMPILATION_CONDITIONS = DEBUG;
				SWIFT_OPTIMIZATION_LEVEL = "-Onone";
			};
			name = Debug;
		};
		69DA58202A96FCB1009CEA28 /* Release */ = {
			isa = XCBuildConfiguration;
			buildSettings = {
				ALWAYS_SEARCH_USER_PATHS = NO;
				CLANG_ANALYZER_NONNULL = YES;
				CLANG_ANALYZER_NUMBER_OBJECT_CONVERSION = YES_AGGRESSIVE;
				CLANG_CXX_LANGUAGE_STANDARD = "gnu++20";
				CLANG_ENABLE_MODULES = YES;
				CLANG_ENABLE_OBJC_ARC = YES;
				CLANG_ENABLE_OBJC_WEAK = YES;
				CLANG_WARN_BLOCK_CAPTURE_AUTORELEASING = YES;
				CLANG_WARN_BOOL_CONVERSION = YES;
				CLANG_WARN_COMMA = YES;
				CLANG_WARN_CONSTANT_CONVERSION = YES;
				CLANG_WARN_DEPRECATED_OBJC_IMPLEMENTATIONS = YES;
				CLANG_WARN_DIRECT_OBJC_ISA_USAGE = YES_ERROR;
				CLANG_WARN_DOCUMENTATION_COMMENTS = YES;
				CLANG_WARN_EMPTY_BODY = YES;
				CLANG_WARN_ENUM_CONVERSION = YES;
				CLANG_WARN_INFINITE_RECURSION = YES;
				CLANG_WARN_INT_CONVERSION = YES;
				CLANG_WARN_NON_LITERAL_NULL_CONVERSION = YES;
				CLANG_WARN_OBJC_IMPLICIT_RETAIN_SELF = YES;
				CLANG_WARN_OBJC_LITERAL_CONVERSION = YES;
				CLANG_WARN_OBJC_ROOT_CLASS = YES_ERROR;
				CLANG_WARN_QUOTED_INCLUDE_IN_FRAMEWORK_HEADER = YES;
				CLANG_WARN_RANGE_LOOP_ANALYSIS = YES;
				CLANG_WARN_STRICT_PROTOTYPES = YES;
				CLANG_WARN_SUSPICIOUS_MOVE = YES;
				CLANG_WARN_UNGUARDED_AVAILABILITY = YES_AGGRESSIVE;
				CLANG_WARN_UNREACHABLE_CODE = YES;
				CLANG_WARN__DUPLICATE_METHOD_MATCH = YES;
				COPY_PHASE_STRIP = NO;
				DEBUG_INFORMATION_FORMAT = "dwarf-with-dsym";
				ENABLE_NS_ASSERTIONS = NO;
				ENABLE_STRICT_OBJC_MSGSEND = YES;
				GCC_C_LANGUAGE_STANDARD = gnu11;
				GCC_NO_COMMON_BLOCKS = YES;
				GCC_WARN_64_TO_32_BIT_CONVERSION = YES;
				GCC_WARN_ABOUT_RETURN_TYPE = YES_ERROR;
				GCC_WARN_UNDECLARED_SELECTOR = YES;
				GCC_WARN_UNINITIALIZED_AUTOS = YES_AGGRESSIVE;
				GCC_WARN_UNUSED_FUNCTION = YES;
				GCC_WARN_UNUSED_VARIABLE = YES;
				IPHONEOS_DEPLOYMENT_TARGET = 16.4;
				MTL_ENABLE_DEBUG_INFO = NO;
				MTL_FAST_MATH = YES;
				SDKROOT = iphoneos;
				SWIFT_COMPILATION_MODE = wholemodule;
				SWIFT_OPTIMIZATION_LEVEL = "-O";
				VALIDATE_PRODUCT = YES;
			};
			name = Release;
		};
		69DA58222A96FCB1009CEA28 /* Debug */ = {
			isa = XCBuildConfiguration;
			buildSettings = {
				ASSETCATALOG_COMPILER_APPICON_NAME = AppIcon;
				ASSETCATALOG_COMPILER_GLOBAL_ACCENT_COLOR_NAME = AccentColor;
				CODE_SIGN_STYLE = Automatic;
				CURRENT_PROJECT_VERSION = 1;
				DEVELOPMENT_TEAM = 26L95KN5AP;
				GENERATE_INFOPLIST_FILE = YES;
				INFOPLIST_FILE = NiceFilmTicket/Info.plist;
				INFOPLIST_KEY_UIApplicationSupportsIndirectInputEvents = YES;
				INFOPLIST_KEY_UILaunchStoryboardName = LaunchScreen;
				INFOPLIST_KEY_UIMainStoryboardFile = Main;
				INFOPLIST_KEY_UISupportedInterfaceOrientations_iPad = "UIInterfaceOrientationPortrait UIInterfaceOrientationPortraitUpsideDown UIInterfaceOrientationLandscapeLeft UIInterfaceOrientationLandscapeRight";
				INFOPLIST_KEY_UISupportedInterfaceOrientations_iPhone = "UIInterfaceOrientationPortrait UIInterfaceOrientationLandscapeLeft UIInterfaceOrientationLandscapeRight";
				IPHONEOS_DEPLOYMENT_TARGET = 15.0;
				LD_RUNPATH_SEARCH_PATHS = (
					"$(inherited)",
					"@executable_path/Frameworks",
				);
				MARKETING_VERSION = 1.0;
				PRODUCT_BUNDLE_IDENTIFIER = com.haneum.NiceFilmTicket;
				PRODUCT_NAME = "$(TARGET_NAME)";
				SWIFT_EMIT_LOC_STRINGS = YES;
				SWIFT_VERSION = 5.0;
				TARGETED_DEVICE_FAMILY = "1,2";
			};
			name = Debug;
		};
		69DA58232A96FCB1009CEA28 /* Release */ = {
			isa = XCBuildConfiguration;
			buildSettings = {
				ASSETCATALOG_COMPILER_APPICON_NAME = AppIcon;
				ASSETCATALOG_COMPILER_GLOBAL_ACCENT_COLOR_NAME = AccentColor;
				CODE_SIGN_STYLE = Automatic;
				CURRENT_PROJECT_VERSION = 1;
				DEVELOPMENT_TEAM = 26L95KN5AP;
				GENERATE_INFOPLIST_FILE = YES;
				INFOPLIST_FILE = NiceFilmTicket/Info.plist;
				INFOPLIST_KEY_UIApplicationSupportsIndirectInputEvents = YES;
				INFOPLIST_KEY_UILaunchStoryboardName = LaunchScreen;
				INFOPLIST_KEY_UIMainStoryboardFile = Main;
				INFOPLIST_KEY_UISupportedInterfaceOrientations_iPad = "UIInterfaceOrientationPortrait UIInterfaceOrientationPortraitUpsideDown UIInterfaceOrientationLandscapeLeft UIInterfaceOrientationLandscapeRight";
				INFOPLIST_KEY_UISupportedInterfaceOrientations_iPhone = "UIInterfaceOrientationPortrait UIInterfaceOrientationLandscapeLeft UIInterfaceOrientationLandscapeRight";
				IPHONEOS_DEPLOYMENT_TARGET = 15.0;
				LD_RUNPATH_SEARCH_PATHS = (
					"$(inherited)",
					"@executable_path/Frameworks",
				);
				MARKETING_VERSION = 1.0;
				PRODUCT_BUNDLE_IDENTIFIER = com.haneum.NiceFilmTicket;
				PRODUCT_NAME = "$(TARGET_NAME)";
				SWIFT_EMIT_LOC_STRINGS = YES;
				SWIFT_VERSION = 5.0;
				TARGETED_DEVICE_FAMILY = "1,2";
			};
			name = Release;
		};
		69DA58252A96FCB1009CEA28 /* Debug */ = {
			isa = XCBuildConfiguration;
			buildSettings = {
				ALWAYS_EMBED_SWIFT_STANDARD_LIBRARIES = YES;
				BUNDLE_LOADER = "$(TEST_HOST)";
				CODE_SIGN_STYLE = Automatic;
				CURRENT_PROJECT_VERSION = 1;
				DEVELOPMENT_TEAM = 26L95KN5AP;
				GENERATE_INFOPLIST_FILE = YES;
				IPHONEOS_DEPLOYMENT_TARGET = 16.4;
				MARKETING_VERSION = 1.0;
				PRODUCT_BUNDLE_IDENTIFIER = com.haneum.NiceFilmTicketTests;
				PRODUCT_NAME = "$(TARGET_NAME)";
				SWIFT_EMIT_LOC_STRINGS = NO;
				SWIFT_VERSION = 5.0;
				TARGETED_DEVICE_FAMILY = "1,2";
				TEST_HOST = "$(BUILT_PRODUCTS_DIR)/NiceFilmTicket.app/$(BUNDLE_EXECUTABLE_FOLDER_PATH)/NiceFilmTicket";
			};
			name = Debug;
		};
		69DA58262A96FCB1009CEA28 /* Release */ = {
			isa = XCBuildConfiguration;
			buildSettings = {
				ALWAYS_EMBED_SWIFT_STANDARD_LIBRARIES = YES;
				BUNDLE_LOADER = "$(TEST_HOST)";
				CODE_SIGN_STYLE = Automatic;
				CURRENT_PROJECT_VERSION = 1;
				DEVELOPMENT_TEAM = 26L95KN5AP;
				GENERATE_INFOPLIST_FILE = YES;
				IPHONEOS_DEPLOYMENT_TARGET = 16.4;
				MARKETING_VERSION = 1.0;
				PRODUCT_BUNDLE_IDENTIFIER = com.haneum.NiceFilmTicketTests;
				PRODUCT_NAME = "$(TARGET_NAME)";
				SWIFT_EMIT_LOC_STRINGS = NO;
				SWIFT_VERSION = 5.0;
				TARGETED_DEVICE_FAMILY = "1,2";
				TEST_HOST = "$(BUILT_PRODUCTS_DIR)/NiceFilmTicket.app/$(BUNDLE_EXECUTABLE_FOLDER_PATH)/NiceFilmTicket";
			};
			name = Release;
		};
		69DA58282A96FCB1009CEA28 /* Debug */ = {
			isa = XCBuildConfiguration;
			buildSettings = {
				ALWAYS_EMBED_SWIFT_STANDARD_LIBRARIES = YES;
				CODE_SIGN_STYLE = Automatic;
				CURRENT_PROJECT_VERSION = 1;
				DEVELOPMENT_TEAM = 26L95KN5AP;
				GENERATE_INFOPLIST_FILE = YES;
				MARKETING_VERSION = 1.0;
				PRODUCT_BUNDLE_IDENTIFIER = com.haneum.NiceFilmTicketUITests;
				PRODUCT_NAME = "$(TARGET_NAME)";
				SWIFT_EMIT_LOC_STRINGS = NO;
				SWIFT_VERSION = 5.0;
				TARGETED_DEVICE_FAMILY = "1,2";
				TEST_TARGET_NAME = NiceFilmTicket;
			};
			name = Debug;
		};
		69DA58292A96FCB1009CEA28 /* Release */ = {
			isa = XCBuildConfiguration;
			buildSettings = {
				ALWAYS_EMBED_SWIFT_STANDARD_LIBRARIES = YES;
				CODE_SIGN_STYLE = Automatic;
				CURRENT_PROJECT_VERSION = 1;
				DEVELOPMENT_TEAM = 26L95KN5AP;
				GENERATE_INFOPLIST_FILE = YES;
				MARKETING_VERSION = 1.0;
				PRODUCT_BUNDLE_IDENTIFIER = com.haneum.NiceFilmTicketUITests;
				PRODUCT_NAME = "$(TARGET_NAME)";
				SWIFT_EMIT_LOC_STRINGS = NO;
				SWIFT_VERSION = 5.0;
				TARGETED_DEVICE_FAMILY = "1,2";
				TEST_TARGET_NAME = NiceFilmTicket;
			};
			name = Release;
		};
/* End XCBuildConfiguration section */

/* Begin XCConfigurationList section */
		69DA57F22A96FCB0009CEA28 /* Build configuration list for PBXProject "NiceFilmTicket" */ = {
			isa = XCConfigurationList;
			buildConfigurations = (
				69DA581F2A96FCB1009CEA28 /* Debug */,
				69DA58202A96FCB1009CEA28 /* Release */,
			);
			defaultConfigurationIsVisible = 0;
			defaultConfigurationName = Release;
		};
		69DA58212A96FCB1009CEA28 /* Build configuration list for PBXNativeTarget "NiceFilmTicket" */ = {
			isa = XCConfigurationList;
			buildConfigurations = (
				69DA58222A96FCB1009CEA28 /* Debug */,
				69DA58232A96FCB1009CEA28 /* Release */,
			);
			defaultConfigurationIsVisible = 0;
			defaultConfigurationName = Release;
		};
		69DA58242A96FCB1009CEA28 /* Build configuration list for PBXNativeTarget "NiceFilmTicketTests" */ = {
			isa = XCConfigurationList;
			buildConfigurations = (
				69DA58252A96FCB1009CEA28 /* Debug */,
				69DA58262A96FCB1009CEA28 /* Release */,
			);
			defaultConfigurationIsVisible = 0;
			defaultConfigurationName = Release;
		};
		69DA58272A96FCB1009CEA28 /* Build configuration list for PBXNativeTarget "NiceFilmTicketUITests" */ = {
			isa = XCConfigurationList;
			buildConfigurations = (
				69DA58282A96FCB1009CEA28 /* Debug */,
				69DA58292A96FCB1009CEA28 /* Release */,
			);
			defaultConfigurationIsVisible = 0;
			defaultConfigurationName = Release;
		};
/* End XCConfigurationList section */

/* Begin XCRemoteSwiftPackageReference section */
		69DA58362A97C5C0009CEA28 /* XCRemoteSwiftPackageReference "SnapKit" */ = {
			isa = XCRemoteSwiftPackageReference;
			repositoryURL = "https://github.com/SnapKit/SnapKit.git";
			requirement = {
				kind = upToNextMajorVersion;
				minimumVersion = 5.0.0;
			};
		};
/* End XCRemoteSwiftPackageReference section */

/* Begin XCSwiftPackageProductDependency section */
		69DA58372A97C5C1009CEA28 /* SnapKit */ = {
			isa = XCSwiftPackageProductDependency;
			package = 69DA58362A97C5C0009CEA28 /* XCRemoteSwiftPackageReference "SnapKit" */;
			productName = SnapKit;
		};
/* End XCSwiftPackageProductDependency section */
	};
	rootObject = 69DA57EF2A96FCB0009CEA28 /* Project object */;
}
